
Microsoft Visual Studio Solution File, Format Version 12.00
# Visual Studio Version 17
VisualStudioVersion = 17.12.35707.178 d17.12
MinimumVisualStudioVersion = 10.0.40219.1
Project("{FAE04EC0-301F-11D3-BF4B-00C04F79EFBC}") = "Mediatheque_API", "Mediatheque_API\Mediatheque_API.csproj", "{FDF1B4FF-431D-498E-B662-05F8F3A29574}"
EndProject
Project("{FAE04EC0-301F-11D3-BF4B-00C04F79EFBC}") = "Mediatheque_DAL", "Mediatheque_DAL\Mediatheque_DAL.csproj", "{BD0FED18-A039-4A84-A0BA-2EE6586F066B}"
EndProject
Global
	GlobalSection(SolutionConfigurationPlatforms) = preSolution
		Debug|Any CPU = Debug|Any CPU
		Release|Any CPU = Release|Any CPU
	EndGlobalSection
	GlobalSection(ProjectConfigurationPlatforms) = postSolution
		{FDF1B4FF-431D-498E-B662-05F8F3A29574}.Debug|Any CPU.ActiveCfg = Debug|Any CPU
		{FDF1B4FF-431D-498E-B662-05F8F3A29574}.Debug|Any CPU.Build.0 = Debug|Any CPU
		{FDF1B4FF-431D-498E-B662-05F8F3A29574}.Release|Any CPU.ActiveCfg = Release|Any CPU
		{FDF1B4FF-431D-498E-B662-05F8F3A29574}.Release|Any CPU.Build.0 = Release|Any CPU
		{BD0FED18-A039-4A84-A0BA-2EE6586F066B}.Debug|Any CPU.ActiveCfg = Debug|Any CPU
		{BD0FED18-A039-4A84-A0BA-2EE6586F066B}.Debug|Any CPU.Build.0 = Debug|Any CPU
		{BD0FED18-A039-4A84-A0BA-2EE6586F066B}.Release|Any CPU.ActiveCfg = Release|Any CPU
		{BD0FED18-A039-4A84-A0BA-2EE6586F066B}.Release|Any CPU.Build.0 = Release|Any CPU
	EndGlobalSection
	GlobalSection(SolutionProperties) = preSolution
		HideSolutionNode = FALSE
	EndGlobalSection
EndGlobal
